
Microsoft Visual Studio Solution File, Format Version 12.00
# Visual Studio Version 17
VisualStudioVersion = 17.12.35527.113
MinimumVisualStudioVersion = 10.0.40219.1
Project("{FAE04EC0-301F-11D3-BF4B-00C04F79EFBC}") = "YenSaoNgocNga_API", "YenSaoNgocNga_API\YenSaoNgocNga_API.csproj", "{3724B633-5300-4EA8-8C04-86BC670CB80A}"
EndProject
Project("{2150E333-8FDC-42A3-9474-1A3956D46DE8}") = "BE", "BE", "{18A9805E-1BEB-4328-B29C-5ECBB2FC8EA2}"
EndProject
Project("{2150E333-8FDC-42A3-9474-1A3956D46DE8}") = "FE", "FE", "{AD2A4A1F-836E-4FAB-9C8B-B6F2C77AE40B}"
EndProject
Project("{FAE04EC0-301F-11D3-BF4B-00C04F79EFBC}") = "YenSaoNgocNga_MVC", "YenSaoNgocNga_MVC\YenSaoNgocNga_MVC.csproj", "{63E57E91-86B1-42BE-89DE-F8BAD4F61BBC}"
EndProject
Global
	GlobalSection(SolutionConfigurationPlatforms) = preSolution
		Debug|Any CPU = Debug|Any CPU
		Release|Any CPU = Release|Any CPU
	EndGlobalSection
	GlobalSection(ProjectConfigurationPlatforms) = postSolution
		{3724B633-5300-4EA8-8C04-86BC670CB80A}.Debug|Any CPU.ActiveCfg = Debug|Any CPU
		{3724B633-5300-4EA8-8C04-86BC670CB80A}.Debug|Any CPU.Build.0 = Debug|Any CPU
		{3724B633-5300-4EA8-8C04-86BC670CB80A}.Release|Any CPU.ActiveCfg = Release|Any CPU
		{3724B633-5300-4EA8-8C04-86BC670CB80A}.Release|Any CPU.Build.0 = Release|Any CPU
		{63E57E91-86B1-42BE-89DE-F8BAD4F61BBC}.Debug|Any CPU.ActiveCfg = Debug|Any CPU
		{63E57E91-86B1-42BE-89DE-F8BAD4F61BBC}.Debug|Any CPU.Build.0 = Debug|Any CPU
		{63E57E91-86B1-42BE-89DE-F8BAD4F61BBC}.Release|Any CPU.ActiveCfg = Release|Any CPU
		{63E57E91-86B1-42BE-89DE-F8BAD4F61BBC}.Release|Any CPU.Build.0 = Release|Any CPU
	EndGlobalSection
	GlobalSection(SolutionProperties) = preSolution
		HideSolutionNode = FALSE
	EndGlobalSection
	GlobalSection(NestedProjects) = preSolution
		{3724B633-5300-4EA8-8C04-86BC670CB80A} = {18A9805E-1BEB-4328-B29C-5ECBB2FC8EA2}
		{63E57E91-86B1-42BE-89DE-F8BAD4F61BBC} = {AD2A4A1F-836E-4FAB-9C8B-B6F2C77AE40B}
	EndGlobalSection
EndGlobal
